
Microsoft Visual Studio Solution File, Format Version 12.00
# Visual Studio Version 17
VisualStudioVersion = 17.0.32014.148
MinimumVisualStudioVersion = 10.0.40219.1
Project("{8BC9CEB8-8B4A-11D0-8D11-00A0C91BC942}") = "AcceptServerBase", "AcceptServerBase\AcceptServerBase.vcxproj", "{DFCB60B4-E9ED-4D50-BC81-22A1056844F7}"
EndProject
Project("{8BC9CEB8-8B4A-11D0-8D11-00A0C91BC942}") = "ConnectClientBase", "ConnectClientBase\ConnectClientBase.vcxproj", "{648D8EF5-DAE3-49FE-B827-4EF249F7C754}"
EndProject
Project("{2150E333-8FDC-42A3-9474-1A3956D46DE8}") = "Base", "Base", "{3AC5924D-5F7E-4F78-B4C9-F161CBF9C696}"
EndProject
Project("{2150E333-8FDC-42A3-9474-1A3956D46DE8}") = "MultiThread", "MultiThread", "{B25BAECD-40FD-443F-AFB7-BB31DCEBAD26}"
EndProject
Project("{8BC9CEB8-8B4A-11D0-8D11-00A0C91BC942}") = "MultiThreadServer", "MultiThreadServer\MultiThreadServer.vcxproj", "{7DEF62F8-60E8-4806-8857-3060FB8FE1D3}"
EndProject
Project("{8BC9CEB8-8B4A-11D0-8D11-00A0C91BC942}") = "MultiThreadClient", "MultiThreadClient\MultiThreadClient.vcxproj", "{8BB3757D-56ED-4013-8F1D-018688918580}"
EndProject
Global
	GlobalSection(SolutionConfigurationPlatforms) = preSolution
		Debug|x64 = Debug|x64
		Debug|x86 = Debug|x86
		Release|x64 = Release|x64
		Release|x86 = Release|x86
	EndGlobalSection
	GlobalSection(ProjectConfigurationPlatforms) = postSolution
		{DFCB60B4-E9ED-4D50-BC81-22A1056844F7}.Debug|x64.ActiveCfg = Debug|x64
		{DFCB60B4-E9ED-4D50-BC81-22A1056844F7}.Debug|x64.Build.0 = Debug|x64
		{DFCB60B4-E9ED-4D50-BC81-22A1056844F7}.Debug|x86.ActiveCfg = Debug|Win32
		{DFCB60B4-E9ED-4D50-BC81-22A1056844F7}.Debug|x86.Build.0 = Debug|Win32
		{DFCB60B4-E9ED-4D50-BC81-22A1056844F7}.Release|x64.ActiveCfg = Release|x64
		{DFCB60B4-E9ED-4D50-BC81-22A1056844F7}.Release|x64.Build.0 = Release|x64
		{DFCB60B4-E9ED-4D50-BC81-22A1056844F7}.Release|x86.ActiveCfg = Release|Win32
		{DFCB60B4-E9ED-4D50-BC81-22A1056844F7}.Release|x86.Build.0 = Release|Win32
		{648D8EF5-DAE3-49FE-B827-4EF249F7C754}.Debug|x64.ActiveCfg = Debug|x64
		{648D8EF5-DAE3-49FE-B827-4EF249F7C754}.Debug|x64.Build.0 = Debug|x64
		{648D8EF5-DAE3-49FE-B827-4EF249F7C754}.Debug|x86.ActiveCfg = Debug|Win32
		{648D8EF5-DAE3-49FE-B827-4EF249F7C754}.Debug|x86.Build.0 = Debug|Win32
		{648D8EF5-DAE3-49FE-B827-4EF249F7C754}.Release|x64.ActiveCfg = Release|x64
		{648D8EF5-DAE3-49FE-B827-4EF249F7C754}.Release|x64.Build.0 = Release|x64
		{648D8EF5-DAE3-49FE-B827-4EF249F7C754}.Release|x86.ActiveCfg = Release|Win32
		{648D8EF5-DAE3-49FE-B827-4EF249F7C754}.Release|x86.Build.0 = Release|Win32
		{7DEF62F8-60E8-4806-8857-3060FB8FE1D3}.Debug|x64.ActiveCfg = Debug|x64
		{7DEF62F8-60E8-4806-8857-3060FB8FE1D3}.Debug|x64.Build.0 = Debug|x64
		{7DEF62F8-60E8-4806-8857-3060FB8FE1D3}.Debug|x86.ActiveCfg = Debug|Win32
		{7DEF62F8-60E8-4806-8857-3060FB8FE1D3}.Debug|x86.Build.0 = Debug|Win32
		{7DEF62F8-60E8-4806-8857-3060FB8FE1D3}.Release|x64.ActiveCfg = Release|x64
		{7DEF62F8-60E8-4806-8857-3060FB8FE1D3}.Release|x64.Build.0 = Release|x64
		{7DEF62F8-60E8-4806-8857-3060FB8FE1D3}.Release|x86.ActiveCfg = Release|Win32
		{7DEF62F8-60E8-4806-8857-3060FB8FE1D3}.Release|x86.Build.0 = Release|Win32
		{8BB3757D-56ED-4013-8F1D-018688918580}.Debug|x64.ActiveCfg = Debug|x64
		{8BB3757D-56ED-4013-8F1D-018688918580}.Debug|x64.Build.0 = Debug|x64
		{8BB3757D-56ED-4013-8F1D-018688918580}.Debug|x86.ActiveCfg = Debug|Win32
		{8BB3757D-56ED-4013-8F1D-018688918580}.Debug|x86.Build.0 = Debug|Win32
		{8BB3757D-56ED-4013-8F1D-018688918580}.Release|x64.ActiveCfg = Release|x64
		{8BB3757D-56ED-4013-8F1D-018688918580}.Release|x64.Build.0 = Release|x64
		{8BB3757D-56ED-4013-8F1D-018688918580}.Release|x86.ActiveCfg = Release|Win32
		{8BB3757D-56ED-4013-8F1D-018688918580}.Release|x86.Build.0 = Release|Win32
	EndGlobalSection
	GlobalSection(SolutionProperties) = preSolution
		HideSolutionNode = FALSE
	EndGlobalSection
	GlobalSection(NestedProjects) = preSolution
		{DFCB60B4-E9ED-4D50-BC81-22A1056844F7} = {3AC5924D-5F7E-4F78-B4C9-F161CBF9C696}
		{648D8EF5-DAE3-49FE-B827-4EF249F7C754} = {3AC5924D-5F7E-4F78-B4C9-F161CBF9C696}
		{7DEF62F8-60E8-4806-8857-3060FB8FE1D3} = {B25BAECD-40FD-443F-AFB7-BB31DCEBAD26}
		{8BB3757D-56ED-4013-8F1D-018688918580} = {B25BAECD-40FD-443F-AFB7-BB31DCEBAD26}
	EndGlobalSection
	GlobalSection(ExtensibilityGlobals) = postSolution
		SolutionGuid = {D0DC0078-D633-43F5-9D9D-3C58802ABE4E}
	EndGlobalSection
EndGlobal
