<?xml version="1.0" encoding="utf-8"?>
<Project ToolsVersion="4.0" xmlns="http://schemas.microsoft.com/developer/msbuild/2003">
  <ItemGroup>
    <ClCompile Include="PreCompile.cpp">
      <Filter>PreCompile</Filter>
    </ClCompile>
    <ClCompile Include="ThreadHandlerChatMessage.cpp">
      <Filter>ThreadHandler\Chat</Filter>
    </ClCompile>
    <ClCompile Include="ThreadHandlerJoinMessage.cpp">
      <Filter>ThreadHandler\Join</Filter>
    </ClCompile>
    <ClCompile Include="ThreadHandlerLoginMessage.cpp">
      <Filter>ThreadHandler\Login</Filter>
    </ClCompile>
    <ClCompile Include="CharacterTable.cpp">
      <Filter>DB</Filter>
    </ClCompile>
    <ClCompile Include="UserTable.cpp">
      <Filter>DB</Filter>
    </ClCompile>
    <ClCompile Include="GameServerContentsCore.cpp" />
    <ClCompile Include="ServerDispatcher.cpp" />
    <ClCompile Include="ThreadHandlerCreateCharacterMessage.cpp">
      <Filter>ThreadHandler\CreateCharacter</Filter>
    </ClCompile>
    <ClCompile Include="MessageConverter.cpp">
      <Filter>Message\Result</Filter>
    </ClCompile>
    <ClCompile Include="Monster.cpp" />
    <ClCompile Include="Player.cpp" />
    <ClCompile Include="Section.cpp" />
    <ClCompile Include="ContentsUserData.cpp">
      <Filter>Content</Filter>
    </ClCompile>
  </ItemGroup>
  <ItemGroup>
    <ClInclude Include="PreCompile.h">
      <Filter>PreCompile</Filter>
    </ClInclude>
    <ClInclude Include="ThreadHandlerChatMessage.h">
      <Filter>ThreadHandler\Chat</Filter>
    </ClInclude>
    <ClInclude Include="ThreadHandlerJoinMessage.h">
      <Filter>ThreadHandler\Join</Filter>
    </ClInclude>
    <ClInclude Include="ThreadHandlerLoginMessage.h">
      <Filter>ThreadHandler\Login</Filter>
    </ClInclude>
    <ClInclude Include="UserTable.h">
      <Filter>DB</Filter>
    </ClInclude>
    <ClInclude Include="CharacterTable.h">
      <Filter>DB</Filter>
    </ClInclude>
    <ClInclude Include="GameServerContentsCore.h" />
    <ClInclude Include="ServerDispatcher.h" />
    <ClInclude Include="ThreadHandlerCreateCharacterMessage.h">
      <Filter>ThreadHandler\CreateCharacter</Filter>
    </ClInclude>
    <ClInclude Include="ContentsEnum.h">
      <Filter>Message\Sub</Filter>
    </ClInclude>
    <ClInclude Include="ContentsStructure.h">
      <Filter>Message\Sub</Filter>
    </ClInclude>
    <ClInclude Include="ServerAndClient.h">
      <Filter>Message\Result</Filter>
    </ClInclude>
    <ClInclude Include="ServerToClient.h">
      <Filter>Message\Result</Filter>
    </ClInclude>
    <ClInclude Include="ClientToServer.h">
      <Filter>Message\Result</Filter>
    </ClInclude>
    <ClInclude Include="MessageTypeEnum.h">
      <Filter>Message\Result</Filter>
    </ClInclude>
    <ClInclude Include="Section.h" />
    <ClInclude Include="Monster.h" />
    <ClInclude Include="Player.h" />
    <ClInclude Include="ContentsUserData.h">
      <Filter>Content</Filter>
    </ClInclude>
    <ClInclude Include="ContentsSystemEnum.h">
      <Filter>Content</Filter>
    </ClInclude>
  </ItemGroup>
  <ItemGroup>
    <Filter Include="PreCompile">
      <UniqueIdentifier>{dee9fede-c6f9-49c8-b127-fb20ec4cc42e}</UniqueIdentifier>
    </Filter>
    <Filter Include="ThreadHandler">
      <UniqueIdentifier>{5f38bca6-6c63-46d8-b2ec-635557d842b7}</UniqueIdentifier>
    </Filter>
    <Filter Include="ThreadHandler\Login">
      <UniqueIdentifier>{ffcd8bb5-ac63-4ef7-9ae4-414a317a0220}</UniqueIdentifier>
    </Filter>
    <Filter Include="ThreadHandler\Chat">
      <UniqueIdentifier>{05a7cd0d-0899-45da-b9a8-04fb700f603c}</UniqueIdentifier>
    </Filter>
    <Filter Include="ThreadHandler\Join">
      <UniqueIdentifier>{c075f800-4e37-4df0-be60-aae7de216961}</UniqueIdentifier>
    </Filter>
    <Filter Include="DB">
      <UniqueIdentifier>{20a82b72-6dd4-45a9-9f26-7dbbb1c4cb5c}</UniqueIdentifier>
    </Filter>
    <Filter Include="Content">
      <UniqueIdentifier>{00bf6dd0-90a4-4feb-98f4-6879120d8b38}</UniqueIdentifier>
    </Filter>
    <Filter Include="ThreadHandler\CreateCharacter">
      <UniqueIdentifier>{25a9a53c-857c-4860-8c99-314f062701e6}</UniqueIdentifier>
    </Filter>
    <Filter Include="Message">
      <UniqueIdentifier>{cbf3c088-e9c6-4528-abce-d39180c14829}</UniqueIdentifier>
    </Filter>
    <Filter Include="Message\Info">
      <UniqueIdentifier>{17de79a5-9b08-4599-aade-a5c2feb4c272}</UniqueIdentifier>
    </Filter>
    <Filter Include="Message\Result">
      <UniqueIdentifier>{ccaaddd4-3d4a-406a-a8cf-991a1253547f}</UniqueIdentifier>
    </Filter>
    <Filter Include="Message\Sub">
      <UniqueIdentifier>{316408e7-73a7-4ad2-8f69-8539452be05f}</UniqueIdentifier>
    </Filter>
  </ItemGroup>
  <ItemGroup>
    <Text Include="Info\ServerAndClient.txt">
      <Filter>Message\Info</Filter>
    </Text>
    <Text Include="Info\ServerToClient.txt">
      <Filter>Message\Info</Filter>
    </Text>
    <Text Include="Info\ClientToServer.txt">
      <Filter>Message\Info</Filter>
    </Text>
  </ItemGroup>
</Project>