<?xml version="1.0" encoding="utf-8"?>
<Project ToolsVersion="4.0" xmlns="http://schemas.microsoft.com/developer/msbuild/2003">
  <ItemGroup>
    <ClInclude Include="PreCompile.h">
      <Filter>PreCompile</Filter>
    </ClInclude>
    <ClInclude Include="ThreadHandlerLoginMessage.h">
      <Filter>ThreadHandler\Login</Filter>
    </ClInclude>
    <ClInclude Include="DBQueue.h">
      <Filter>Queue</Filter>
    </ClInclude>
    <ClInclude Include="NetQueue.h">
      <Filter>Queue</Filter>
    </ClInclude>
    <ClInclude Include="ThreadHandlerChatMessage.h">
      <Filter>ThreadHandler\Chat</Filter>
    </ClInclude>
    <ClInclude Include="GameServerUser.h">
      <Filter>Contents</Filter>
    </ClInclude>
    <ClInclude Include="ServerDispatcher.h">
      <Filter>Contents</Filter>
    </ClInclude>
  </ItemGroup>
  <ItemGroup>
    <ClCompile Include="PreCompile.cpp">
      <Filter>PreCompile</Filter>
    </ClCompile>
    <ClCompile Include="AppMain.cpp" />
    <ClCompile Include="ThreadHandlerLoginMessage.cpp">
      <Filter>ThreadHandler\Login</Filter>
    </ClCompile>
    <ClCompile Include="DBQueue.cpp">
      <Filter>Queue</Filter>
    </ClCompile>
    <ClCompile Include="NetQueue.cpp">
      <Filter>Queue</Filter>
    </ClCompile>
    <ClCompile Include="ThreadHandlerChatMessage.cpp">
      <Filter>ThreadHandler\Chat</Filter>
    </ClCompile>
    <ClCompile Include="GameServerUser.cpp">
      <Filter>Contents</Filter>
    </ClCompile>
    <ClCompile Include="ServerDispatcher.cpp">
      <Filter>Contents</Filter>
    </ClCompile>
  </ItemGroup>
  <ItemGroup>
    <Filter Include="PreCompile">
      <UniqueIdentifier>{3279ae6f-94f3-4e16-ad46-52daa8edb4a1}</UniqueIdentifier>
    </Filter>
    <Filter Include="ThreadHandler">
      <UniqueIdentifier>{0e05e1c2-bacd-4227-858a-f8ff36a4d3ab}</UniqueIdentifier>
    </Filter>
    <Filter Include="ThreadHandler\Login">
      <UniqueIdentifier>{b47ba11f-cf2a-4445-9135-b21b57215d8a}</UniqueIdentifier>
    </Filter>
    <Filter Include="Queue">
      <UniqueIdentifier>{e54f0e8e-caa0-407b-aea4-e23ac7b32868}</UniqueIdentifier>
    </Filter>
    <Filter Include="ThreadHandler\Chat">
      <UniqueIdentifier>{fed21b39-a6f2-469d-b43a-69f852f6834f}</UniqueIdentifier>
    </Filter>
    <Filter Include="Contents">
      <UniqueIdentifier>{4f0f31f3-cf44-4682-9376-94dd8e2a2f24}</UniqueIdentifier>
    </Filter>
  </ItemGroup>
</Project>