
Microsoft Visual Studio Solution File, Format Version 12.00
# Visual Studio Version 17
VisualStudioVersion = 17.0.32014.148
MinimumVisualStudioVersion = 10.0.40219.1
Project("{2150E333-8FDC-42A3-9474-1A3956D46DE8}") = "Doc", "Doc", "{7CE78E79-2CFC-4FC5-B177-0E1893605204}"
EndProject
Project("{2150E333-8FDC-42A3-9474-1A3956D46DE8}") = "Git", "Git", "{E758455F-E5DE-4AB9-951B-E9BF2C66CD59}"
	ProjectSection(SolutionItems) = preProject
		HowToUse.txt = HowToUse.txt
	EndProjectSection
EndProject
Project("{8BC9CEB8-8B4A-11D0-8D11-00A0C91BC942}") = "GameServerNet", "GameServerNet\GameServerNet.vcxproj", "{AD556CA4-D2EC-4E73-A747-74E1C1415550}"
EndProject
Project("{2150E333-8FDC-42A3-9474-1A3956D46DE8}") = "Level0", "Level0", "{B83AA3BC-47FF-4BCE-9647-E8A06526BBC2}"
EndProject
Project("{2150E333-8FDC-42A3-9474-1A3956D46DE8}") = "Level1", "Level1", "{D48DC739-4A15-4522-88C3-7A07BFC4282C}"
EndProject
Project("{2150E333-8FDC-42A3-9474-1A3956D46DE8}") = "Level5", "Level5", "{F57ADB38-FCAF-4BAA-B284-7A207867E748}"
EndProject
Project("{8BC9CEB8-8B4A-11D0-8D11-00A0C91BC942}") = "GameServerBase", "GameServerBase\GameServerBase.vcxproj", "{62A8FE3D-70E2-4471-AFBC-115A001ECA0D}"
EndProject
Project("{8BC9CEB8-8B4A-11D0-8D11-00A0C91BC942}") = "GameServerApp", "GameServerApp\GameServerApp.vcxproj", "{F2D71011-92E0-4FA3-82B0-0617724FC7CF}"
	ProjectSection(ProjectDependencies) = postProject
		{62A8FE3D-70E2-4471-AFBC-115A001ECA0D} = {62A8FE3D-70E2-4471-AFBC-115A001ECA0D}
		{AD556CA4-D2EC-4E73-A747-74E1C1415550} = {AD556CA4-D2EC-4E73-A747-74E1C1415550}
	EndProjectSection
EndProject
Project("{8BC9CEB8-8B4A-11D0-8D11-00A0C91BC942}") = "GameClientApp", "GameClientApp\GameClientApp.vcxproj", "{28F540EE-44B2-4C54-B4B7-8FE8E75A9752}"
	ProjectSection(ProjectDependencies) = postProject
		{62A8FE3D-70E2-4471-AFBC-115A001ECA0D} = {62A8FE3D-70E2-4471-AFBC-115A001ECA0D}
		{AD556CA4-D2EC-4E73-A747-74E1C1415550} = {AD556CA4-D2EC-4E73-A747-74E1C1415550}
	EndProjectSection
EndProject
Project("{2150E333-8FDC-42A3-9474-1A3956D46DE8}") = "Level2", "Level2", "{C035B8B4-97EF-4798-800D-E6731ABF0E15}"
EndProject
Project("{8BC9CEB8-8B4A-11D0-8D11-00A0C91BC942}") = "GameServerMessage", "GameServerMessage\GameServerMessage.vcxproj", "{A1AC749D-BE47-4F4F-AF80-46D16EE51762}"
EndProject
Global
	GlobalSection(SolutionConfigurationPlatforms) = preSolution
		Debug|x64 = Debug|x64
		Debug|x86 = Debug|x86
		Release|x64 = Release|x64
		Release|x86 = Release|x86
	EndGlobalSection
	GlobalSection(ProjectConfigurationPlatforms) = postSolution
		{AD556CA4-D2EC-4E73-A747-74E1C1415550}.Debug|x64.ActiveCfg = Debug|x64
		{AD556CA4-D2EC-4E73-A747-74E1C1415550}.Debug|x64.Build.0 = Debug|x64
		{AD556CA4-D2EC-4E73-A747-74E1C1415550}.Debug|x86.ActiveCfg = Debug|Win32
		{AD556CA4-D2EC-4E73-A747-74E1C1415550}.Debug|x86.Build.0 = Debug|Win32
		{AD556CA4-D2EC-4E73-A747-74E1C1415550}.Release|x64.ActiveCfg = Release|x64
		{AD556CA4-D2EC-4E73-A747-74E1C1415550}.Release|x64.Build.0 = Release|x64
		{AD556CA4-D2EC-4E73-A747-74E1C1415550}.Release|x86.ActiveCfg = Release|Win32
		{AD556CA4-D2EC-4E73-A747-74E1C1415550}.Release|x86.Build.0 = Release|Win32
		{62A8FE3D-70E2-4471-AFBC-115A001ECA0D}.Debug|x64.ActiveCfg = Debug|x64
		{62A8FE3D-70E2-4471-AFBC-115A001ECA0D}.Debug|x64.Build.0 = Debug|x64
		{62A8FE3D-70E2-4471-AFBC-115A001ECA0D}.Debug|x86.ActiveCfg = Debug|Win32
		{62A8FE3D-70E2-4471-AFBC-115A001ECA0D}.Debug|x86.Build.0 = Debug|Win32
		{62A8FE3D-70E2-4471-AFBC-115A001ECA0D}.Release|x64.ActiveCfg = Release|x64
		{62A8FE3D-70E2-4471-AFBC-115A001ECA0D}.Release|x64.Build.0 = Release|x64
		{62A8FE3D-70E2-4471-AFBC-115A001ECA0D}.Release|x86.ActiveCfg = Release|Win32
		{62A8FE3D-70E2-4471-AFBC-115A001ECA0D}.Release|x86.Build.0 = Release|Win32
		{F2D71011-92E0-4FA3-82B0-0617724FC7CF}.Debug|x64.ActiveCfg = Debug|x64
		{F2D71011-92E0-4FA3-82B0-0617724FC7CF}.Debug|x64.Build.0 = Debug|x64
		{F2D71011-92E0-4FA3-82B0-0617724FC7CF}.Debug|x86.ActiveCfg = Debug|Win32
		{F2D71011-92E0-4FA3-82B0-0617724FC7CF}.Debug|x86.Build.0 = Debug|Win32
		{F2D71011-92E0-4FA3-82B0-0617724FC7CF}.Release|x64.ActiveCfg = Release|x64
		{F2D71011-92E0-4FA3-82B0-0617724FC7CF}.Release|x64.Build.0 = Release|x64
		{F2D71011-92E0-4FA3-82B0-0617724FC7CF}.Release|x86.ActiveCfg = Release|Win32
		{F2D71011-92E0-4FA3-82B0-0617724FC7CF}.Release|x86.Build.0 = Release|Win32
		{28F540EE-44B2-4C54-B4B7-8FE8E75A9752}.Debug|x64.ActiveCfg = Debug|x64
		{28F540EE-44B2-4C54-B4B7-8FE8E75A9752}.Debug|x64.Build.0 = Debug|x64
		{28F540EE-44B2-4C54-B4B7-8FE8E75A9752}.Debug|x86.ActiveCfg = Debug|Win32
		{28F540EE-44B2-4C54-B4B7-8FE8E75A9752}.Debug|x86.Build.0 = Debug|Win32
		{28F540EE-44B2-4C54-B4B7-8FE8E75A9752}.Release|x64.ActiveCfg = Release|x64
		{28F540EE-44B2-4C54-B4B7-8FE8E75A9752}.Release|x64.Build.0 = Release|x64
		{28F540EE-44B2-4C54-B4B7-8FE8E75A9752}.Release|x86.ActiveCfg = Release|Win32
		{28F540EE-44B2-4C54-B4B7-8FE8E75A9752}.Release|x86.Build.0 = Release|Win32
		{A1AC749D-BE47-4F4F-AF80-46D16EE51762}.Debug|x64.ActiveCfg = Debug|x64
		{A1AC749D-BE47-4F4F-AF80-46D16EE51762}.Debug|x64.Build.0 = Debug|x64
		{A1AC749D-BE47-4F4F-AF80-46D16EE51762}.Debug|x86.ActiveCfg = Debug|Win32
		{A1AC749D-BE47-4F4F-AF80-46D16EE51762}.Debug|x86.Build.0 = Debug|Win32
		{A1AC749D-BE47-4F4F-AF80-46D16EE51762}.Release|x64.ActiveCfg = Release|x64
		{A1AC749D-BE47-4F4F-AF80-46D16EE51762}.Release|x64.Build.0 = Release|x64
		{A1AC749D-BE47-4F4F-AF80-46D16EE51762}.Release|x86.ActiveCfg = Release|Win32
		{A1AC749D-BE47-4F4F-AF80-46D16EE51762}.Release|x86.Build.0 = Release|Win32
	EndGlobalSection
	GlobalSection(SolutionProperties) = preSolution
		HideSolutionNode = FALSE
	EndGlobalSection
	GlobalSection(NestedProjects) = preSolution
		{E758455F-E5DE-4AB9-951B-E9BF2C66CD59} = {7CE78E79-2CFC-4FC5-B177-0E1893605204}
		{AD556CA4-D2EC-4E73-A747-74E1C1415550} = {D48DC739-4A15-4522-88C3-7A07BFC4282C}
		{62A8FE3D-70E2-4471-AFBC-115A001ECA0D} = {B83AA3BC-47FF-4BCE-9647-E8A06526BBC2}
		{F2D71011-92E0-4FA3-82B0-0617724FC7CF} = {F57ADB38-FCAF-4BAA-B284-7A207867E748}
		{28F540EE-44B2-4C54-B4B7-8FE8E75A9752} = {F57ADB38-FCAF-4BAA-B284-7A207867E748}
		{A1AC749D-BE47-4F4F-AF80-46D16EE51762} = {C035B8B4-97EF-4798-800D-E6731ABF0E15}
	EndGlobalSection
	GlobalSection(ExtensibilityGlobals) = postSolution
		SolutionGuid = {EADD76B9-4F0C-4B36-B57C-6A9900FCD047}
	EndGlobalSection
EndGlobal
